// !$*UTF8*$!
{
	archiveVersion = 1;
	classes = {
	};
	objectVersion = 46;
	objects = {

/* Begin PBXBuildFile section */
		E97087DD1C202CEF00053A75 /* AppDelegate.swift in Sources */ = {isa = PBXBuildFile; fileRef = E97087DC1C202CEF00053A75 /* AppDelegate.swift */; };
		E97087DF1C202CEF00053A75 /* ViewController.swift in Sources */ = {isa = PBXBuildFile; fileRef = E97087DE1C202CEF00053A75 /* ViewController.swift */; };
		E97087E41C202CEF00053A75 /* Assets.xcassets in Resources */ = {isa = PBXBuildFile; fileRef = E97087E31C202CEF00053A75 /* Assets.xcassets */; };
		E97087E71C202CEF00053A75 /* LaunchScreen.storyboard in Resources */ = {isa = PBXBuildFile; fileRef = E97087E51C202CEF00053A75 /* LaunchScreen.storyboard */; };
		E97087F21C202CEF00053A75 /* GeekWeatherTests.swift in Sources */ = {isa = PBXBuildFile; fileRef = E97087F11C202CEF00053A75 /* GeekWeatherTests.swift */; };
		E97087FD1C202CEF00053A75 /* GeekWeatherUITests.swift in Sources */ = {isa = PBXBuildFile; fileRef = E97087FC1C202CEF00053A75 /* GeekWeatherUITests.swift */; };
		E97088161C2039F800053A75 /* CommandLine.swift in Sources */ = {isa = PBXBuildFile; fileRef = E97088151C2039F800053A75 /* CommandLine.swift */; };
		E97088181C203A2200053A75 /* CommandOption.swift in Sources */ = {isa = PBXBuildFile; fileRef = E97088171C203A2200053A75 /* CommandOption.swift */; };
		E970881A1C203A4400053A75 /* CommandLineParser.swift in Sources */ = {isa = PBXBuildFile; fileRef = E97088191C203A4400053A75 /* CommandLineParser.swift */; };
/* End PBXBuildFile section */

/* Begin PBXContainerItemProxy section */
		E97087EE1C202CEF00053A75 /* PBXContainerItemProxy */ = {
			isa = PBXContainerItemProxy;
			containerPortal = E97087D11C202CEF00053A75 /* Project object */;
			proxyType = 1;
			remoteGlobalIDString = E97087D81C202CEF00053A75;
			remoteInfo = GeekWeather;
		};
		E97087F91C202CEF00053A75 /* PBXContainerItemProxy */ = {
			isa = PBXContainerItemProxy;
			containerPortal = E97087D11C202CEF00053A75 /* Project object */;
			proxyType = 1;
			remoteGlobalIDString = E97087D81C202CEF00053A75;
			remoteInfo = GeekWeather;
		};
/* End PBXContainerItemProxy section */

/* Begin PBXFileReference section */
		E97087D91C202CEF00053A75 /* GeekWeather.app */ = {isa = PBXFileReference; explicitFileType = wrapper.application; includeInIndex = 0; path = GeekWeather.app; sourceTree = BUILT_PRODUCTS_DIR; };
		E97087DC1C202CEF00053A75 /* AppDelegate.swift */ = {isa = PBXFileReference; lastKnownFileType = sourcecode.swift; path = AppDelegate.swift; sourceTree = "<group>"; };
		E97087DE1C202CEF00053A75 /* ViewController.swift */ = {isa = PBXFileReference; lastKnownFileType = sourcecode.swift; path = ViewController.swift; sourceTree = "<group>"; };
		E97087E31C202CEF00053A75 /* Assets.xcassets */ = {isa = PBXFileReference; lastKnownFileType = folder.assetcatalog; path = Assets.xcassets; sourceTree = "<group>"; };
		E97087E61C202CEF00053A75 /* Base */ = {isa = PBXFileReference; lastKnownFileType = file.storyboard; name = Base; path = Base.lproj/LaunchScreen.storyboard; sourceTree = "<group>"; };
		E97087E81C202CEF00053A75 /* Info.plist */ = {isa = PBXFileReference; lastKnownFileType = text.plist.xml; path = Info.plist; sourceTree = "<group>"; };
		E97087ED1C202CEF00053A75 /* GeekWeatherTests.xctest */ = {isa = PBXFileReference; explicitFileType = wrapper.cfbundle; includeInIndex = 0; path = GeekWeatherTests.xctest; sourceTree = BUILT_PRODUCTS_DIR; };
		E97087F11C202CEF00053A75 /* GeekWeatherTests.swift */ = {isa = PBXFileReference; lastKnownFileType = sourcecode.swift; path = GeekWeatherTests.swift; sourceTree = "<group>"; };
		E97087F31C202CEF00053A75 /* Info.plist */ = {isa = PBXFileReference; lastKnownFileType = text.plist.xml; path = Info.plist; sourceTree = "<group>"; };
		E97087F81C202CEF00053A75 /* GeekWeatherUITests.xctest */ = {isa = PBXFileReference; explicitFileType = wrapper.cfbundle; includeInIndex = 0; path = GeekWeatherUITests.xctest; sourceTree = BUILT_PRODUCTS_DIR; };
		E97087FC1C202CEF00053A75 /* GeekWeatherUITests.swift */ = {isa = PBXFileReference; lastKnownFileType = sourcecode.swift; path = GeekWeatherUITests.swift; sourceTree = "<group>"; };
		E97087FE1C202CEF00053A75 /* Info.plist */ = {isa = PBXFileReference; lastKnownFileType = text.plist.xml; path = Info.plist; sourceTree = "<group>"; };
		E97088151C2039F800053A75 /* CommandLine.swift */ = {isa = PBXFileReference; fileEncoding = 4; lastKnownFileType = sourcecode.swift; path = CommandLine.swift; sourceTree = "<group>"; };
		E97088171C203A2200053A75 /* CommandOption.swift */ = {isa = PBXFileReference; fileEncoding = 4; lastKnownFileType = sourcecode.swift; path = CommandOption.swift; sourceTree = "<group>"; };
		E97088191C203A4400053A75 /* CommandLineParser.swift */ = {isa = PBXFileReference; fileEncoding = 4; lastKnownFileType = sourcecode.swift; path = CommandLineParser.swift; sourceTree = "<group>"; };
/* End PBXFileReference section */

/* Begin PBXFrameworksBuildPhase section */
		E97087D61C202CEF00053A75 /* Frameworks */ = {
			isa = PBXFrameworksBuildPhase;
			buildActionMask = 2147483647;
			files = (
			);
			runOnlyForDeploymentPostprocessing = 0;
		};
		E97087EA1C202CEF00053A75 /* Frameworks */ = {
			isa = PBXFrameworksBuildPhase;
			buildActionMask = 2147483647;
			files = (
			);
			runOnlyForDeploymentPostprocessing = 0;
		};
		E97087F51C202CEF00053A75 /* Frameworks */ = {
			isa = PBXFrameworksBuildPhase;
			buildActionMask = 2147483647;
			files = (
			);
			runOnlyForDeploymentPostprocessing = 0;
		};
/* End PBXFrameworksBuildPhase section */

/* Begin PBXGroup section */
		E97087D01C202CEF00053A75 = {
			isa = PBXGroup;
			children = (
				E97087DB1C202CEF00053A75 /* GeekWeather */,
				E97087F01C202CEF00053A75 /* GeekWeatherTests */,
				E97087FB1C202CEF00053A75 /* GeekWeatherUITests */,
				E97087DA1C202CEF00053A75 /* Products */,
			);
			sourceTree = "<group>";
		};
		E97087DA1C202CEF00053A75 /* Products */ = {
			isa = PBXGroup;
			children = (
				E97087D91C202CEF00053A75 /* GeekWeather.app */,
				E97087ED1C202CEF00053A75 /* GeekWeatherTests.xctest */,
				E97087F81C202CEF00053A75 /* GeekWeatherUITests.xctest */,
			);
			name = Products;
			sourceTree = "<group>";
		};
		E97087DB1C202CEF00053A75 /* GeekWeather */ = {
			isa = PBXGroup;
			children = (
				E970880C1C2038FC00053A75 /* Models */,
				E970880D1C2038FC00053A75 /* Utils */,
				E970880F1C2038FC00053A75 /* Views */,
				E97087DC1C202CEF00053A75 /* AppDelegate.swift */,
				E97087DE1C202CEF00053A75 /* ViewController.swift */,
				E97087E31C202CEF00053A75 /* Assets.xcassets */,
				E97087E51C202CEF00053A75 /* LaunchScreen.storyboard */,
				E97087E81C202CEF00053A75 /* Info.plist */,
			);
			path = GeekWeather;
			sourceTree = "<group>";
		};
		E97087F01C202CEF00053A75 /* GeekWeatherTests */ = {
			isa = PBXGroup;
			children = (
				E97087F11C202CEF00053A75 /* GeekWeatherTests.swift */,
				E97087F31C202CEF00053A75 /* Info.plist */,
			);
			path = GeekWeatherTests;
			sourceTree = "<group>";
		};
		E97087FB1C202CEF00053A75 /* GeekWeatherUITests */ = {
			isa = PBXGroup;
			children = (
				E97087FC1C202CEF00053A75 /* GeekWeatherUITests.swift */,
				E97087FE1C202CEF00053A75 /* Info.plist */,
			);
			path = GeekWeatherUITests;
			sourceTree = "<group>";
		};
		E970880C1C2038FC00053A75 /* Models */ = {
			isa = PBXGroup;
			children = (
				E97088151C2039F800053A75 /* CommandLine.swift */,
				E97088171C203A2200053A75 /* CommandOption.swift */,
			);
			path = Models;
			sourceTree = "<group>";
		};
		E970880D1C2038FC00053A75 /* Utils */ = {
			isa = PBXGroup;
			children = (
				E97088191C203A4400053A75 /* CommandLineParser.swift */,
			);
			path = Utils;
			sourceTree = "<group>";
		};
		E970880F1C2038FC00053A75 /* Views */ = {
			isa = PBXGroup;
			children = (
			);
			path = Views;
			sourceTree = "<group>";
		};
/* End PBXGroup section */

/* Begin PBXNativeTarget section */
		E97087D81C202CEF00053A75 /* GeekWeather */ = {
			isa = PBXNativeTarget;
			buildConfigurationList = E97088011C202CEF00053A75 /* Build configuration list for PBXNativeTarget "GeekWeather" */;
			buildPhases = (
				E97087D51C202CEF00053A75 /* Sources */,
				E97087D61C202CEF00053A75 /* Frameworks */,
				E97087D71C202CEF00053A75 /* Resources */,
			);
			buildRules = (
			);
			dependencies = (
			);
			name = GeekWeather;
			productName = GeekWeather;
			productReference = E97087D91C202CEF00053A75 /* GeekWeather.app */;
			productType = "com.apple.product-type.application";
		};
		E97087EC1C202CEF00053A75 /* GeekWeatherTests */ = {
			isa = PBXNativeTarget;
			buildConfigurationList = E97088041C202CEF00053A75 /* Build configuration list for PBXNativeTarget "GeekWeatherTests" */;
			buildPhases = (
				E97087E91C202CEF00053A75 /* Sources */,
				E97087EA1C202CEF00053A75 /* Frameworks */,
				E97087EB1C202CEF00053A75 /* Resources */,
			);
			buildRules = (
			);
			dependencies = (
				E97087EF1C202CEF00053A75 /* PBXTargetDependency */,
			);
			name = GeekWeatherTests;
			productName = GeekWeatherTests;
			productReference = E97087ED1C202CEF00053A75 /* GeekWeatherTests.xctest */;
			productType = "com.apple.product-type.bundle.unit-test";
		};
		E97087F71C202CEF00053A75 /* GeekWeatherUITests */ = {
			isa = PBXNativeTarget;
			buildConfigurationList = E97088071C202CEF00053A75 /* Build configuration list for PBXNativeTarget "GeekWeatherUITests" */;
			buildPhases = (
				E97087F41C202CEF00053A75 /* Sources */,
				E97087F51C202CEF00053A75 /* Frameworks */,
				E97087F61C202CEF00053A75 /* Resources */,
			);
			buildRules = (
			);
			dependencies = (
				E97087FA1C202CEF00053A75 /* PBXTargetDependency */,
			);
			name = GeekWeatherUITests;
			productName = GeekWeatherUITests;
			productReference = E97087F81C202CEF00053A75 /* GeekWeatherUITests.xctest */;
			productType = "com.apple.product-type.bundle.ui-testing";
		};
/* End PBXNativeTarget section */

/* Begin PBXProject section */
		E97087D11C202CEF00053A75 /* Project object */ = {
			isa = PBXProject;
			attributes = {
				LastSwiftUpdateCheck = 0710;
				LastUpgradeCheck = 0710;
				ORGANIZATIONNAME = RangerStudio;
				TargetAttributes = {
					E97087D81C202CEF00053A75 = {
						CreatedOnToolsVersion = 7.1.1;
					};
					E97087EC1C202CEF00053A75 = {
						CreatedOnToolsVersion = 7.1.1;
						TestTargetID = E97087D81C202CEF00053A75;
					};
					E97087F71C202CEF00053A75 = {
						CreatedOnToolsVersion = 7.1.1;
						TestTargetID = E97087D81C202CEF00053A75;
					};
				};
			};
			buildConfigurationList = E97087D41C202CEF00053A75 /* Build configuration list for PBXProject "GeekWeather" */;
			compatibilityVersion = "Xcode 3.2";
			developmentRegion = English;
			hasScannedForEncodings = 0;
			knownRegions = (
				en,
				Base,
			);
			mainGroup = E97087D01C202CEF00053A75;
			productRefGroup = E97087DA1C202CEF00053A75 /* Products */;
			projectDirPath = "";
			projectRoot = "";
			targets = (
				E97087D81C202CEF00053A75 /* GeekWeather */,
				E97087EC1C202CEF00053A75 /* GeekWeatherTests */,
				E97087F71C202CEF00053A75 /* GeekWeatherUITests */,
			);
		};
/* End PBXProject section */

/* Begin PBXResourcesBuildPhase section */
		E97087D71C202CEF00053A75 /* Resources */ = {
			isa = PBXResourcesBuildPhase;
			buildActionMask = 2147483647;
			files = (
				E97087E71C202CEF00053A75 /* LaunchScreen.storyboard in Resources */,
				E97087E41C202CEF00053A75 /* Assets.xcassets in Resources */,
			);
			runOnlyForDeploymentPostprocessing = 0;
		};
		E97087EB1C202CEF00053A75 /* Resources */ = {
			isa = PBXResourcesBuildPhase;
			buildActionMask = 2147483647;
			files = (
			);
			runOnlyForDeploymentPostprocessing = 0;
		};
		E97087F61C202CEF00053A75 /* Resources */ = {
			isa = PBXResourcesBuildPhase;
			buildActionMask = 2147483647;
			files = (
			);
			runOnlyForDeploymentPostprocessing = 0;
		};
/* End PBXResourcesBuildPhase section */

/* Begin PBXSourcesBuildPhase section */
		E97087D51C202CEF00053A75 /* Sources */ = {
			isa = PBXSourcesBuildPhase;
			buildActionMask = 2147483647;
			files = (
				E97088161C2039F800053A75 /* CommandLine.swift in Sources */,
				E97087DF1C202CEF00053A75 /* ViewController.swift in Sources */,
				E97088181C203A2200053A75 /* CommandOption.swift in Sources */,
				E97087DD1C202CEF00053A75 /* AppDelegate.swift in Sources */,
				E970881A1C203A4400053A75 /* CommandLineParser.swift in Sources */,
			);
			runOnlyForDeploymentPostprocessing = 0;
		};
		E97087E91C202CEF00053A75 /* Sources */ = {
			isa = PBXSourcesBuildPhase;
			buildActionMask = 2147483647;
			files = (
				E97087F21C202CEF00053A75 /* GeekWeatherTests.swift in Sources */,
			);
			runOnlyForDeploymentPostprocessing = 0;
		};
		E97087F41C202CEF00053A75 /* Sources */ = {
			isa = PBXSourcesBuildPhase;
			buildActionMask = 2147483647;
			files = (
				E97087FD1C202CEF00053A75 /* GeekWeatherUITests.swift in Sources */,
			);
			runOnlyForDeploymentPostprocessing = 0;
		};
/* End PBXSourcesBuildPhase section */

/* Begin PBXTargetDependency section */
		E97087EF1C202CEF00053A75 /* PBXTargetDependency */ = {
			isa = PBXTargetDependency;
			target = E97087D81C202CEF00053A75 /* GeekWeather */;
			targetProxy = E97087EE1C202CEF00053A75 /* PBXContainerItemProxy */;
		};
		E97087FA1C202CEF00053A75 /* PBXTargetDependency */ = {
			isa = PBXTargetDependency;
			target = E97087D81C202CEF00053A75 /* GeekWeather */;
			targetProxy = E97087F91C202CEF00053A75 /* PBXContainerItemProxy */;
		};
/* End PBXTargetDependency section */

/* Begin PBXVariantGroup section */
		E97087E51C202CEF00053A75 /* LaunchScreen.storyboard */ = {
			isa = PBXVariantGroup;
			children = (
				E97087E61C202CEF00053A75 /* Base */,
			);
			name = LaunchScreen.storyboard;
			sourceTree = "<group>";
		};
/* End PBXVariantGroup section */

/* Begin XCBuildConfiguration section */
		E97087FF1C202CEF00053A75 /* Debug */ = {
			isa = XCBuildConfiguration;
			buildSettings = {
				ALWAYS_SEARCH_USER_PATHS = NO;
				CLANG_CXX_LANGUAGE_STANDARD = "gnu++0x";
				CLANG_CXX_LIBRARY = "libc++";
				CLANG_ENABLE_MODULES = YES;
				CLANG_ENABLE_OBJC_ARC = YES;
				CLANG_WARN_BOOL_CONVERSION = YES;
				CLANG_WARN_CONSTANT_CONVERSION = YES;
				CLANG_WARN_DIRECT_OBJC_ISA_USAGE = YES_ERROR;
				CLANG_WARN_EMPTY_BODY = YES;
				CLANG_WARN_ENUM_CONVERSION = YES;
				CLANG_WARN_INT_CONVERSION = YES;
				CLANG_WARN_OBJC_ROOT_CLASS = YES_ERROR;
				CLANG_WARN_UNREACHABLE_CODE = YES;
				CLANG_WARN__DUPLICATE_METHOD_MATCH = YES;
				"CODE_SIGN_IDENTITY[sdk=iphoneos*]" = "iPhone Developer";
				COPY_PHASE_STRIP = NO;
				DEBUG_INFORMATION_FORMAT = dwarf;
				ENABLE_STRICT_OBJC_MSGSEND = YES;
				ENABLE_TESTABILITY = YES;
				GCC_C_LANGUAGE_STANDARD = gnu99;
				GCC_DYNAMIC_NO_PIC = NO;
				GCC_NO_COMMON_BLOCKS = YES;
				GCC_OPTIMIZATION_LEVEL = 0;
				GCC_PREPROCESSOR_DEFINITIONS = (
					"DEBUG=1",
					"$(inherited)",
				);
				GCC_WARN_64_TO_32_BIT_CONVERSION = YES;
				GCC_WARN_ABOUT_RETURN_TYPE = YES_ERROR;
				GCC_WARN_UNDECLARED_SELECTOR = YES;
				GCC_WARN_UNINITIALIZED_AUTOS = YES_AGGRESSIVE;
				GCC_WARN_UNUSED_FUNCTION = YES;
				GCC_WARN_UNUSED_VARIABLE = YES;
				IPHONEOS_DEPLOYMENT_TARGET = 9.1;
				MTL_ENABLE_DEBUG_INFO = YES;
				ONLY_ACTIVE_ARCH = YES;
				SDKROOT = iphoneos;
				SWIFT_OPTIMIZATION_LEVEL = "-Onone";
			};
			name = Debug;
		};
		E97088001C202CEF00053A75 /* Release */ = {
			isa = XCBuildConfiguration;
			buildSettings = {
				ALWAYS_SEARCH_USER_PATHS = NO;
				CLANG_CXX_LANGUAGE_STANDARD = "gnu++0x";
				CLANG_CXX_LIBRARY = "libc++";
				CLANG_ENABLE_MODULES = YES;
				CLANG_ENABLE_OBJC_ARC = YES;
				CLANG_WARN_BOOL_CONVERSION = YES;
				CLANG_WARN_CONSTANT_CONVERSION = YES;
				CLANG_WARN_DIRECT_OBJC_ISA_USAGE = YES_ERROR;
				CLANG_WARN_EMPTY_BODY = YES;
				CLANG_WARN_ENUM_CONVERSION = YES;
				CLANG_WARN_INT_CONVERSION = YES;
				CLANG_WARN_OBJC_ROOT_CLASS = YES_ERROR;
				CLANG_WARN_UNREACHABLE_CODE = YES;
				CLANG_WARN__DUPLICATE_METHOD_MATCH = YES;
				"CODE_SIGN_IDENTITY[sdk=iphoneos*]" = "iPhone Developer";
				COPY_PHASE_STRIP = NO;
				DEBUG_INFORMATION_FORMAT = "dwarf-with-dsym";
				ENABLE_NS_ASSERTIONS = NO;
				ENABLE_STRICT_OBJC_MSGSEND = YES;
				GCC_C_LANGUAGE_STANDARD = gnu99;
				GCC_NO_COMMON_BLOCKS = YES;
				GCC_WARN_64_TO_32_BIT_CONVERSION = YES;
				GCC_WARN_ABOUT_RETURN_TYPE = YES_ERROR;
				GCC_WARN_UNDECLARED_SELECTOR = YES;
				GCC_WARN_UNINITIALIZED_AUTOS = YES_AGGRESSIVE;
				GCC_WARN_UNUSED_FUNCTION = YES;
				GCC_WARN_UNUSED_VARIABLE = YES;
				IPHONEOS_DEPLOYMENT_TARGET = 9.1;
				MTL_ENABLE_DEBUG_INFO = NO;
				SDKROOT = iphoneos;
				VALIDATE_PRODUCT = YES;
			};
			name = Release;
		};
		E97088021C202CEF00053A75 /* Debug */ = {
			isa = XCBuildConfiguration;
			buildSettings = {
				ASSETCATALOG_COMPILER_APPICON_NAME = AppIcon;
				INFOPLIST_FILE = GeekWeather/Info.plist;
				LD_RUNPATH_SEARCH_PATHS = "$(inherited) @executable_path/Frameworks";
				PRODUCT_BUNDLE_IDENTIFIER = com.rangerstudio.GeekWeather;
				PRODUCT_NAME = "$(TARGET_NAME)";
			};
			name = Debug;
		};
		E97088031C202CEF00053A75 /* Release */ = {
			isa = XCBuildConfiguration;
			buildSettings = {
				ASSETCATALOG_COMPILER_APPICON_NAME = AppIcon;
				INFOPLIST_FILE = GeekWeather/Info.plist;
				LD_RUNPATH_SEARCH_PATHS = "$(inherited) @executable_path/Frameworks";
				PRODUCT_BUNDLE_IDENTIFIER = com.rangerstudio.GeekWeather;
				PRODUCT_NAME = "$(TARGET_NAME)";
			};
			name = Release;
		};
		E97088051C202CEF00053A75 /* Debug */ = {
			isa = XCBuildConfiguration;
			buildSettings = {
				BUNDLE_LOADER = "$(TEST_HOST)";
				INFOPLIST_FILE = GeekWeatherTests/Info.plist;
				LD_RUNPATH_SEARCH_PATHS = "$(inherited) @executable_path/Frameworks @loader_path/Frameworks";
				PRODUCT_BUNDLE_IDENTIFIER = com.rangerstudio.GeekWeatherTests;
				PRODUCT_NAME = "$(TARGET_NAME)";
				TEST_HOST = "$(BUILT_PRODUCTS_DIR)/GeekWeather.app/GeekWeather";
			};
			name = Debug;
		};
		E97088061C202CEF00053A75 /* Release */ = {
			isa = XCBuildConfiguration;
			buildSettings = {
				BUNDLE_LOADER = "$(TEST_HOST)";
				INFOPLIST_FILE = GeekWeatherTests/Info.plist;
				LD_RUNPATH_SEARCH_PATHS = "$(inherited) @executable_path/Frameworks @loader_path/Frameworks";
				PRODUCT_BUNDLE_IDENTIFIER = com.rangerstudio.GeekWeatherTests;
				PRODUCT_NAME = "$(TARGET_NAME)";
				TEST_HOST = "$(BUILT_PRODUCTS_DIR)/GeekWeather.app/GeekWeather";
			};
			name = Release;
		};
		E97088081C202CEF00053A75 /* Debug */ = {
			isa = XCBuildConfiguration;
			buildSettings = {
				INFOPLIST_FILE = GeekWeatherUITests/Info.plist;
				LD_RUNPATH_SEARCH_PATHS = "$(inherited) @executable_path/Frameworks @loader_path/Frameworks";
				PRODUCT_BUNDLE_IDENTIFIER = com.rangerstudio.GeekWeatherUITests;
				PRODUCT_NAME = "$(TARGET_NAME)";
				TEST_TARGET_NAME = GeekWeather;
				USES_XCTRUNNER = YES;
			};
			name = Debug;
		};
		E97088091C202CEF00053A75 /* Release */ = {
			isa = XCBuildConfiguration;
			buildSettings = {
				INFOPLIST_FILE = GeekWeatherUITests/Info.plist;
				LD_RUNPATH_SEARCH_PATHS = "$(inherited) @executable_path/Frameworks @loader_path/Frameworks";
				PRODUCT_BUNDLE_IDENTIFIER = com.rangerstudio.GeekWeatherUITests;
				PRODUCT_NAME = "$(TARGET_NAME)";
				TEST_TARGET_NAME = GeekWeather;
				USES_XCTRUNNER = YES;
			};
			name = Release;
		};
/* End XCBuildConfiguration section */

/* Begin XCConfigurationList section */
		E97087D41C202CEF00053A75 /* Build configuration list for PBXProject "GeekWeather" */ = {
			isa = XCConfigurationList;
			buildConfigurations = (
				E97087FF1C202CEF00053A75 /* Debug */,
				E97088001C202CEF00053A75 /* Release */,
			);
			defaultConfigurationIsVisible = 0;
			defaultConfigurationName = Release;
		};
		E97088011C202CEF00053A75 /* Build configuration list for PBXNativeTarget "GeekWeather" */ = {
			isa = XCConfigurationList;
			buildConfigurations = (
				E97088021C202CEF00053A75 /* Debug */,
				E97088031C202CEF00053A75 /* Release */,
			);
			defaultConfigurationIsVisible = 0;
		};
		E97088041C202CEF00053A75 /* Build configuration list for PBXNativeTarget "GeekWeatherTests" */ = {
			isa = XCConfigurationList;
			buildConfigurations = (
				E97088051C202CEF00053A75 /* Debug */,
				E97088061C202CEF00053A75 /* Release */,
			);
			defaultConfigurationIsVisible = 0;
		};
		E97088071C202CEF00053A75 /* Build configuration list for PBXNativeTarget "GeekWeatherUITests" */ = {
			isa = XCConfigurationList;
			buildConfigurations = (
				E97088081C202CEF00053A75 /* Debug */,
				E97088091C202CEF00053A75 /* Release */,
			);
			defaultConfigurationIsVisible = 0;
		};
/* End XCConfigurationList section */
	};
	rootObject = E97087D11C202CEF00053A75 /* Project object */;
}
